
Microsoft Visual Studio Solution File, Format Version 11.00
# Visual Studio 2010
Project("{8BC9CEB8-8B4A-11D0-8D11-00A0C91BC942}") = "ReadFile", "ReadFile\ReadFile.vcxproj", "{B678ACEC-C826-4C12-AFCD-55819E3C920D}"
EndProject
Global
	GlobalSection(SolutionConfigurationPlatforms) = preSolution
		Debug|Win32 = Debug|Win32
		Release|Win32 = Release|Win32
	EndGlobalSection
	GlobalSection(ProjectConfigurationPlatforms) = postSolution
		{B678ACEC-C826-4C12-AFCD-55819E3C920D}.Debug|Win32.ActiveCfg = Debug|Win32
		{B678ACEC-C826-4C12-AFCD-55819E3C920D}.Debug|Win32.Build.0 = Debug|Win32
		{B678ACEC-C826-4C12-AFCD-55819E3C920D}.Release|Win32.ActiveCfg = Release|Win32
		{B678ACEC-C826-4C12-AFCD-55819E3C920D}.Release|Win32.Build.0 = Release|Win32
	EndGlobalSection
	GlobalSection(SolutionProperties) = preSolution
		HideSolutionNode = FALSE
	EndGlobalSection
EndGlobal
